// !$*UTF8*$!
{
	archiveVersion = 1;
	classes = {
	};
	objectVersion = 56;
	objects = {

/* Begin PBXBuildFile section */
		96327E242A0948C7004D3C65 /* Berhenti_Di_App.swift in Sources */ = {isa = PBXBuildFile; fileRef = 96327E232A0948C7004D3C65 /* Berhenti_Di_App.swift */; };
		96327E262A0948C7004D3C65 /* ContentView.swift in Sources */ = {isa = PBXBuildFile; fileRef = 96327E252A0948C7004D3C65 /* ContentView.swift */; };
		96327E282A0948C9004D3C65 /* Assets.xcassets in Resources */ = {isa = PBXBuildFile; fileRef = 96327E272A0948C9004D3C65 /* Assets.xcassets */; };
		96327E2B2A0948C9004D3C65 /* Preview Assets.xcassets in Resources */ = {isa = PBXBuildFile; fileRef = 96327E2A2A0948C9004D3C65 /* Preview Assets.xcassets */; };
		96327E2D2A0948C9004D3C65 /* PersistenceController.swift in Sources */ = {isa = PBXBuildFile; fileRef = 96327E2C2A0948C9004D3C65 /* PersistenceController.swift */; };
		96327E302A0948C9004D3C65 /* Berhenti_Di_.xcdatamodeld in Sources */ = {isa = PBXBuildFile; fileRef = 96327E2E2A0948C9004D3C65 /* Berhenti_Di_.xcdatamodeld */; };
		96327E3B2A0948C9004D3C65 /* Berhenti_Di_Tests.swift in Sources */ = {isa = PBXBuildFile; fileRef = 96327E3A2A0948C9004D3C65 /* Berhenti_Di_Tests.swift */; };
		96327E452A0948C9004D3C65 /* Berhenti_Di_UITests.swift in Sources */ = {isa = PBXBuildFile; fileRef = 96327E442A0948C9004D3C65 /* Berhenti_Di_UITests.swift */; };
		96327E472A0948C9004D3C65 /* Berhenti_Di_UITestsLaunchTests.swift in Sources */ = {isa = PBXBuildFile; fileRef = 96327E462A0948C9004D3C65 /* Berhenti_Di_UITestsLaunchTests.swift */; };
		96327E542A0951BC004D3C65 /* ReminderViewModel.swift in Sources */ = {isa = PBXBuildFile; fileRef = 96327E532A0951BC004D3C65 /* ReminderViewModel.swift */; };
		96327E562A097892004D3C65 /* PersistenceController+PREVIEW.swift in Sources */ = {isa = PBXBuildFile; fileRef = 96327E552A097892004D3C65 /* PersistenceController+PREVIEW.swift */; };
		96327E582A09793B004D3C65 /* PersistenceController+Helper.swift in Sources */ = {isa = PBXBuildFile; fileRef = 96327E572A09793B004D3C65 /* PersistenceController+Helper.swift */; };
		96327E5C2A097CC7004D3C65 /* ReminderViewModelProtocol.swift in Sources */ = {isa = PBXBuildFile; fileRef = 96327E5B2A097CC7004D3C65 /* ReminderViewModelProtocol.swift */; };
		96A2E8902A0983E30072CD7E /* Reminder+ReminderItem.swift in Sources */ = {isa = PBXBuildFile; fileRef = 96A2E88F2A0983E30072CD7E /* Reminder+ReminderItem.swift */; };
		96A2E8922A0984570072CD7E /* ReminderProtocol.swift in Sources */ = {isa = PBXBuildFile; fileRef = 96A2E8912A0984570072CD7E /* ReminderProtocol.swift */; };
		96AA34122A0A5AD500567074 /* ReminderItemViewModel.swift in Sources */ = {isa = PBXBuildFile; fileRef = 96AA34112A0A5AD500567074 /* ReminderItemViewModel.swift */; };
		96AA34142A0A5AFB00567074 /* ReminderItemViewModelProtocol.swift in Sources */ = {isa = PBXBuildFile; fileRef = 96AA34132A0A5AFB00567074 /* ReminderItemViewModelProtocol.swift */; };
		96AA34172A0A61FD00567074 /* RenderItemView.swift in Sources */ = {isa = PBXBuildFile; fileRef = 96AA34162A0A61FD00567074 /* RenderItemView.swift */; };
		96AA341B2A0A91B900567074 /* LazyView.swift in Sources */ = {isa = PBXBuildFile; fileRef = 96AA341A2A0A91B900567074 /* LazyView.swift */; };
/* End PBXBuildFile section */

/* Begin PBXContainerItemProxy section */
		96327E372A0948C9004D3C65 /* PBXContainerItemProxy */ = {
			isa = PBXContainerItemProxy;
			containerPortal = 96327E182A0948C7004D3C65 /* Project object */;
			proxyType = 1;
			remoteGlobalIDString = 96327E1F2A0948C7004D3C65;
			remoteInfo = "Berhenti Di?";
		};
		96327E412A0948C9004D3C65 /* PBXContainerItemProxy */ = {
			isa = PBXContainerItemProxy;
			containerPortal = 96327E182A0948C7004D3C65 /* Project object */;
			proxyType = 1;
			remoteGlobalIDString = 96327E1F2A0948C7004D3C65;
			remoteInfo = "Berhenti Di?";
		};
/* End PBXContainerItemProxy section */

/* Begin PBXFileReference section */
		96327E202A0948C7004D3C65 /* Berhenti Di?.app */ = {isa = PBXFileReference; explicitFileType = wrapper.application; includeInIndex = 0; path = "Berhenti Di?.app"; sourceTree = BUILT_PRODUCTS_DIR; };
		96327E232A0948C7004D3C65 /* Berhenti_Di_App.swift */ = {isa = PBXFileReference; lastKnownFileType = sourcecode.swift; path = Berhenti_Di_App.swift; sourceTree = "<group>"; };
		96327E252A0948C7004D3C65 /* ContentView.swift */ = {isa = PBXFileReference; lastKnownFileType = sourcecode.swift; path = ContentView.swift; sourceTree = "<group>"; };
		96327E272A0948C9004D3C65 /* Assets.xcassets */ = {isa = PBXFileReference; lastKnownFileType = folder.assetcatalog; path = Assets.xcassets; sourceTree = "<group>"; };
		96327E2A2A0948C9004D3C65 /* Preview Assets.xcassets */ = {isa = PBXFileReference; lastKnownFileType = folder.assetcatalog; path = "Preview Assets.xcassets"; sourceTree = "<group>"; };
		96327E2C2A0948C9004D3C65 /* PersistenceController.swift */ = {isa = PBXFileReference; lastKnownFileType = sourcecode.swift; path = PersistenceController.swift; sourceTree = "<group>"; };
		96327E2F2A0948C9004D3C65 /* Berhenti_Di_.xcdatamodel */ = {isa = PBXFileReference; lastKnownFileType = wrapper.xcdatamodel; path = Berhenti_Di_.xcdatamodel; sourceTree = "<group>"; };
		96327E312A0948C9004D3C65 /* Info.plist */ = {isa = PBXFileReference; lastKnownFileType = text.plist.xml; path = Info.plist; sourceTree = "<group>"; };
		96327E362A0948C9004D3C65 /* Berhenti Di?Tests.xctest */ = {isa = PBXFileReference; explicitFileType = wrapper.cfbundle; includeInIndex = 0; path = "Berhenti Di?Tests.xctest"; sourceTree = BUILT_PRODUCTS_DIR; };
		96327E3A2A0948C9004D3C65 /* Berhenti_Di_Tests.swift */ = {isa = PBXFileReference; lastKnownFileType = sourcecode.swift; path = Berhenti_Di_Tests.swift; sourceTree = "<group>"; };
		96327E402A0948C9004D3C65 /* Berhenti Di?UITests.xctest */ = {isa = PBXFileReference; explicitFileType = wrapper.cfbundle; includeInIndex = 0; path = "Berhenti Di?UITests.xctest"; sourceTree = BUILT_PRODUCTS_DIR; };
		96327E442A0948C9004D3C65 /* Berhenti_Di_UITests.swift */ = {isa = PBXFileReference; lastKnownFileType = sourcecode.swift; path = Berhenti_Di_UITests.swift; sourceTree = "<group>"; };
		96327E462A0948C9004D3C65 /* Berhenti_Di_UITestsLaunchTests.swift */ = {isa = PBXFileReference; lastKnownFileType = sourcecode.swift; path = Berhenti_Di_UITestsLaunchTests.swift; sourceTree = "<group>"; };
		96327E532A0951BC004D3C65 /* ReminderViewModel.swift */ = {isa = PBXFileReference; lastKnownFileType = sourcecode.swift; path = ReminderViewModel.swift; sourceTree = "<group>"; };
		96327E552A097892004D3C65 /* PersistenceController+PREVIEW.swift */ = {isa = PBXFileReference; lastKnownFileType = sourcecode.swift; path = "PersistenceController+PREVIEW.swift"; sourceTree = "<group>"; };
		96327E572A09793B004D3C65 /* PersistenceController+Helper.swift */ = {isa = PBXFileReference; lastKnownFileType = sourcecode.swift; path = "PersistenceController+Helper.swift"; sourceTree = "<group>"; };
		96327E5B2A097CC7004D3C65 /* ReminderViewModelProtocol.swift */ = {isa = PBXFileReference; lastKnownFileType = sourcecode.swift; path = ReminderViewModelProtocol.swift; sourceTree = "<group>"; };
		96A2E88F2A0983E30072CD7E /* Reminder+ReminderItem.swift */ = {isa = PBXFileReference; lastKnownFileType = sourcecode.swift; path = "Reminder+ReminderItem.swift"; sourceTree = "<group>"; };
		96A2E8912A0984570072CD7E /* ReminderProtocol.swift */ = {isa = PBXFileReference; lastKnownFileType = sourcecode.swift; path = ReminderProtocol.swift; sourceTree = "<group>"; };
		96AA34112A0A5AD500567074 /* ReminderItemViewModel.swift */ = {isa = PBXFileReference; lastKnownFileType = sourcecode.swift; path = ReminderItemViewModel.swift; sourceTree = "<group>"; };
		96AA34132A0A5AFB00567074 /* ReminderItemViewModelProtocol.swift */ = {isa = PBXFileReference; lastKnownFileType = sourcecode.swift; path = ReminderItemViewModelProtocol.swift; sourceTree = "<group>"; };
		96AA34162A0A61FD00567074 /* RenderItemView.swift */ = {isa = PBXFileReference; lastKnownFileType = sourcecode.swift; path = RenderItemView.swift; sourceTree = "<group>"; };
		96AA341A2A0A91B900567074 /* LazyView.swift */ = {isa = PBXFileReference; lastKnownFileType = sourcecode.swift; path = LazyView.swift; sourceTree = "<group>"; };
/* End PBXFileReference section */

/* Begin PBXFrameworksBuildPhase section */
		96327E1D2A0948C7004D3C65 /* Frameworks */ = {
			isa = PBXFrameworksBuildPhase;
			buildActionMask = 2147483647;
			files = (
			);
			runOnlyForDeploymentPostprocessing = 0;
		};
		96327E332A0948C9004D3C65 /* Frameworks */ = {
			isa = PBXFrameworksBuildPhase;
			buildActionMask = 2147483647;
			files = (
			);
			runOnlyForDeploymentPostprocessing = 0;
		};
		96327E3D2A0948C9004D3C65 /* Frameworks */ = {
			isa = PBXFrameworksBuildPhase;
			buildActionMask = 2147483647;
			files = (
			);
			runOnlyForDeploymentPostprocessing = 0;
		};
/* End PBXFrameworksBuildPhase section */

/* Begin PBXGroup section */
		96327E172A0948C7004D3C65 = {
			isa = PBXGroup;
			children = (
				96327E222A0948C7004D3C65 /* Berhenti Di? */,
				96327E392A0948C9004D3C65 /* Berhenti Di?Tests */,
				96327E432A0948C9004D3C65 /* Berhenti Di?UITests */,
				96327E212A0948C7004D3C65 /* Products */,
			);
			sourceTree = "<group>";
		};
		96327E212A0948C7004D3C65 /* Products */ = {
			isa = PBXGroup;
			children = (
				96327E202A0948C7004D3C65 /* Berhenti Di?.app */,
				96327E362A0948C9004D3C65 /* Berhenti Di?Tests.xctest */,
				96327E402A0948C9004D3C65 /* Berhenti Di?UITests.xctest */,
			);
			name = Products;
			sourceTree = "<group>";
		};
		96327E222A0948C7004D3C65 /* Berhenti Di? */ = {
			isa = PBXGroup;
			children = (
				96AA34182A0A91A300567074 /* Core */,
				96AA34152A0A61F500567074 /* Views */,
				96327E5A2A097A56004D3C65 /* CoreData */,
				96327E592A097A27004D3C65 /* ViewModels */,
				96327E232A0948C7004D3C65 /* Berhenti_Di_App.swift */,
				96327E252A0948C7004D3C65 /* ContentView.swift */,
				96327E272A0948C9004D3C65 /* Assets.xcassets */,
				96327E312A0948C9004D3C65 /* Info.plist */,
				96327E292A0948C9004D3C65 /* Preview Content */,
			);
			path = "Berhenti Di?";
			sourceTree = "<group>";
		};
		96327E292A0948C9004D3C65 /* Preview Content */ = {
			isa = PBXGroup;
			children = (
				96327E2A2A0948C9004D3C65 /* Preview Assets.xcassets */,
			);
			path = "Preview Content";
			sourceTree = "<group>";
		};
		96327E392A0948C9004D3C65 /* Berhenti Di?Tests */ = {
			isa = PBXGroup;
			children = (
				96327E3A2A0948C9004D3C65 /* Berhenti_Di_Tests.swift */,
			);
			path = "Berhenti Di?Tests";
			sourceTree = "<group>";
		};
		96327E432A0948C9004D3C65 /* Berhenti Di?UITests */ = {
			isa = PBXGroup;
			children = (
				96327E442A0948C9004D3C65 /* Berhenti_Di_UITests.swift */,
				96327E462A0948C9004D3C65 /* Berhenti_Di_UITestsLaunchTests.swift */,
			);
			path = "Berhenti Di?UITests";
			sourceTree = "<group>";
		};
		96327E592A097A27004D3C65 /* ViewModels */ = {
			isa = PBXGroup;
			children = (
				96AA340E2A0A574000567074 /* ReminderItem */,
				96A2E88D2A097EED0072CD7E /* Reminder */,
			);
			path = ViewModels;
			sourceTree = "<group>";
		};
		96327E5A2A097A56004D3C65 /* CoreData */ = {
			isa = PBXGroup;
			children = (
				96A2E88E2A0983B80072CD7E /* Models */,
				96327E2E2A0948C9004D3C65 /* Berhenti_Di_.xcdatamodeld */,
				96327E2C2A0948C9004D3C65 /* PersistenceController.swift */,
				96327E552A097892004D3C65 /* PersistenceController+PREVIEW.swift */,
				96327E572A09793B004D3C65 /* PersistenceController+Helper.swift */,
			);
			path = CoreData;
			sourceTree = "<group>";
		};
		96A2E88D2A097EED0072CD7E /* Reminder */ = {
			isa = PBXGroup;
			children = (
				96327E532A0951BC004D3C65 /* ReminderViewModel.swift */,
				96327E5B2A097CC7004D3C65 /* ReminderViewModelProtocol.swift */,
			);
			path = Reminder;
			sourceTree = "<group>";
		};
		96A2E88E2A0983B80072CD7E /* Models */ = {
			isa = PBXGroup;
			children = (
				96A2E88F2A0983E30072CD7E /* Reminder+ReminderItem.swift */,
				96A2E8912A0984570072CD7E /* ReminderProtocol.swift */,
			);
			path = Models;
			sourceTree = "<group>";
		};
		96AA340E2A0A574000567074 /* ReminderItem */ = {
			isa = PBXGroup;
			children = (
				96AA34112A0A5AD500567074 /* ReminderItemViewModel.swift */,
				96AA34132A0A5AFB00567074 /* ReminderItemViewModelProtocol.swift */,
			);
			path = ReminderItem;
			sourceTree = "<group>";
		};
		96AA34152A0A61F500567074 /* Views */ = {
			isa = PBXGroup;
			children = (
				96AA34162A0A61FD00567074 /* RenderItemView.swift */,
			);
			path = Views;
			sourceTree = "<group>";
		};
		96AA34182A0A91A300567074 /* Core */ = {
			isa = PBXGroup;
			children = (
				96AA341C2A0A928A00567074 /* Views */,
			);
			path = Core;
			sourceTree = "<group>";
		};
		96AA341C2A0A928A00567074 /* Views */ = {
			isa = PBXGroup;
			children = (
				96AA341A2A0A91B900567074 /* LazyView.swift */,
			);
			path = Views;
			sourceTree = "<group>";
		};
/* End PBXGroup section */

/* Begin PBXNativeTarget section */
		96327E1F2A0948C7004D3C65 /* Berhenti Di? */ = {
			isa = PBXNativeTarget;
			buildConfigurationList = 96327E4A2A0948C9004D3C65 /* Build configuration list for PBXNativeTarget "Berhenti Di?" */;
			buildPhases = (
				96327E1C2A0948C7004D3C65 /* Sources */,
				96327E1D2A0948C7004D3C65 /* Frameworks */,
				96327E1E2A0948C7004D3C65 /* Resources */,
			);
			buildRules = (
			);
			dependencies = (
			);
			name = "Berhenti Di?";
			productName = "Berhenti Di?";
			productReference = 96327E202A0948C7004D3C65 /* Berhenti Di?.app */;
			productType = "com.apple.product-type.application";
		};
		96327E352A0948C9004D3C65 /* Berhenti Di?Tests */ = {
			isa = PBXNativeTarget;
			buildConfigurationList = 96327E4D2A0948C9004D3C65 /* Build configuration list for PBXNativeTarget "Berhenti Di?Tests" */;
			buildPhases = (
				96327E322A0948C9004D3C65 /* Sources */,
				96327E332A0948C9004D3C65 /* Frameworks */,
				96327E342A0948C9004D3C65 /* Resources */,
			);
			buildRules = (
			);
			dependencies = (
				96327E382A0948C9004D3C65 /* PBXTargetDependency */,
			);
			name = "Berhenti Di?Tests";
			productName = "Berhenti Di?Tests";
			productReference = 96327E362A0948C9004D3C65 /* Berhenti Di?Tests.xctest */;
			productType = "com.apple.product-type.bundle.unit-test";
		};
		96327E3F2A0948C9004D3C65 /* Berhenti Di?UITests */ = {
			isa = PBXNativeTarget;
			buildConfigurationList = 96327E502A0948C9004D3C65 /* Build configuration list for PBXNativeTarget "Berhenti Di?UITests" */;
			buildPhases = (
				96327E3C2A0948C9004D3C65 /* Sources */,
				96327E3D2A0948C9004D3C65 /* Frameworks */,
				96327E3E2A0948C9004D3C65 /* Resources */,
			);
			buildRules = (
			);
			dependencies = (
				96327E422A0948C9004D3C65 /* PBXTargetDependency */,
			);
			name = "Berhenti Di?UITests";
			productName = "Berhenti Di?UITests";
			productReference = 96327E402A0948C9004D3C65 /* Berhenti Di?UITests.xctest */;
			productType = "com.apple.product-type.bundle.ui-testing";
		};
/* End PBXNativeTarget section */

/* Begin PBXProject section */
		96327E182A0948C7004D3C65 /* Project object */ = {
			isa = PBXProject;
			attributes = {
				BuildIndependentTargetsInParallel = 1;
				LastSwiftUpdateCheck = 1430;
				LastUpgradeCheck = 1430;
				TargetAttributes = {
					96327E1F2A0948C7004D3C65 = {
						CreatedOnToolsVersion = 14.3;
					};
					96327E352A0948C9004D3C65 = {
						CreatedOnToolsVersion = 14.3;
						TestTargetID = 96327E1F2A0948C7004D3C65;
					};
					96327E3F2A0948C9004D3C65 = {
						CreatedOnToolsVersion = 14.3;
						TestTargetID = 96327E1F2A0948C7004D3C65;
					};
				};
			};
			buildConfigurationList = 96327E1B2A0948C7004D3C65 /* Build configuration list for PBXProject "Berhenti Di?" */;
			compatibilityVersion = "Xcode 14.0";
			developmentRegion = en;
			hasScannedForEncodings = 0;
			knownRegions = (
				en,
				Base,
			);
			mainGroup = 96327E172A0948C7004D3C65;
			productRefGroup = 96327E212A0948C7004D3C65 /* Products */;
			projectDirPath = "";
			projectRoot = "";
			targets = (
				96327E1F2A0948C7004D3C65 /* Berhenti Di? */,
				96327E352A0948C9004D3C65 /* Berhenti Di?Tests */,
				96327E3F2A0948C9004D3C65 /* Berhenti Di?UITests */,
			);
		};
/* End PBXProject section */

/* Begin PBXResourcesBuildPhase section */
		96327E1E2A0948C7004D3C65 /* Resources */ = {
			isa = PBXResourcesBuildPhase;
			buildActionMask = 2147483647;
			files = (
				96327E2B2A0948C9004D3C65 /* Preview Assets.xcassets in Resources */,
				96327E282A0948C9004D3C65 /* Assets.xcassets in Resources */,
			);
			runOnlyForDeploymentPostprocessing = 0;
		};
		96327E342A0948C9004D3C65 /* Resources */ = {
			isa = PBXResourcesBuildPhase;
			buildActionMask = 2147483647;
			files = (
			);
			runOnlyForDeploymentPostprocessing = 0;
		};
		96327E3E2A0948C9004D3C65 /* Resources */ = {
			isa = PBXResourcesBuildPhase;
			buildActionMask = 2147483647;
			files = (
			);
			runOnlyForDeploymentPostprocessing = 0;
		};
/* End PBXResourcesBuildPhase section */

/* Begin PBXSourcesBuildPhase section */
		96327E1C2A0948C7004D3C65 /* Sources */ = {
			isa = PBXSourcesBuildPhase;
			buildActionMask = 2147483647;
			files = (
				96327E582A09793B004D3C65 /* PersistenceController+Helper.swift in Sources */,
				96AA34142A0A5AFB00567074 /* ReminderItemViewModelProtocol.swift in Sources */,
				96AA34172A0A61FD00567074 /* RenderItemView.swift in Sources */,
				96A2E8922A0984570072CD7E /* ReminderProtocol.swift in Sources */,
				96A2E8902A0983E30072CD7E /* Reminder+ReminderItem.swift in Sources */,
				96327E542A0951BC004D3C65 /* ReminderViewModel.swift in Sources */,
				96AA341B2A0A91B900567074 /* LazyView.swift in Sources */,
				96327E2D2A0948C9004D3C65 /* PersistenceController.swift in Sources */,
				96327E302A0948C9004D3C65 /* Berhenti_Di_.xcdatamodeld in Sources */,
				96AA34122A0A5AD500567074 /* ReminderItemViewModel.swift in Sources */,
				96327E262A0948C7004D3C65 /* ContentView.swift in Sources */,
				96327E5C2A097CC7004D3C65 /* ReminderViewModelProtocol.swift in Sources */,
				96327E562A097892004D3C65 /* PersistenceController+PREVIEW.swift in Sources */,
				96327E242A0948C7004D3C65 /* Berhenti_Di_App.swift in Sources */,
			);
			runOnlyForDeploymentPostprocessing = 0;
		};
		96327E322A0948C9004D3C65 /* Sources */ = {
			isa = PBXSourcesBuildPhase;
			buildActionMask = 2147483647;
			files = (
				96327E3B2A0948C9004D3C65 /* Berhenti_Di_Tests.swift in Sources */,
			);
			runOnlyForDeploymentPostprocessing = 0;
		};
		96327E3C2A0948C9004D3C65 /* Sources */ = {
			isa = PBXSourcesBuildPhase;
			buildActionMask = 2147483647;
			files = (
				96327E472A0948C9004D3C65 /* Berhenti_Di_UITestsLaunchTests.swift in Sources */,
				96327E452A0948C9004D3C65 /* Berhenti_Di_UITests.swift in Sources */,
			);
			runOnlyForDeploymentPostprocessing = 0;
		};
/* End PBXSourcesBuildPhase section */

/* Begin PBXTargetDependency section */
		96327E382A0948C9004D3C65 /* PBXTargetDependency */ = {
			isa = PBXTargetDependency;
			target = 96327E1F2A0948C7004D3C65 /* Berhenti Di? */;
			targetProxy = 96327E372A0948C9004D3C65 /* PBXContainerItemProxy */;
		};
		96327E422A0948C9004D3C65 /* PBXTargetDependency */ = {
			isa = PBXTargetDependency;
			target = 96327E1F2A0948C7004D3C65 /* Berhenti Di? */;
			targetProxy = 96327E412A0948C9004D3C65 /* PBXContainerItemProxy */;
		};
/* End PBXTargetDependency section */

/* Begin XCBuildConfiguration section */
		96327E482A0948C9004D3C65 /* Debug */ = {
			isa = XCBuildConfiguration;
			buildSettings = {
				ALWAYS_SEARCH_USER_PATHS = NO;
				CLANG_ANALYZER_NONNULL = YES;
				CLANG_ANALYZER_NUMBER_OBJECT_CONVERSION = YES_AGGRESSIVE;
				CLANG_CXX_LANGUAGE_STANDARD = "gnu++20";
				CLANG_ENABLE_MODULES = YES;
				CLANG_ENABLE_OBJC_ARC = YES;
				CLANG_ENABLE_OBJC_WEAK = YES;
				CLANG_WARN_BLOCK_CAPTURE_AUTORELEASING = YES;
				CLANG_WARN_BOOL_CONVERSION = YES;
				CLANG_WARN_COMMA = YES;
				CLANG_WARN_CONSTANT_CONVERSION = YES;
				CLANG_WARN_DEPRECATED_OBJC_IMPLEMENTATIONS = YES;
				CLANG_WARN_DIRECT_OBJC_ISA_USAGE = YES_ERROR;
				CLANG_WARN_DOCUMENTATION_COMMENTS = YES;
				CLANG_WARN_EMPTY_BODY = YES;
				CLANG_WARN_ENUM_CONVERSION = YES;
				CLANG_WARN_INFINITE_RECURSION = YES;
				CLANG_WARN_INT_CONVERSION = YES;
				CLANG_WARN_NON_LITERAL_NULL_CONVERSION = YES;
				CLANG_WARN_OBJC_IMPLICIT_RETAIN_SELF = YES;
				CLANG_WARN_OBJC_LITERAL_CONVERSION = YES;
				CLANG_WARN_OBJC_ROOT_CLASS = YES_ERROR;
				CLANG_WARN_QUOTED_INCLUDE_IN_FRAMEWORK_HEADER = YES;
				CLANG_WARN_RANGE_LOOP_ANALYSIS = YES;
				CLANG_WARN_STRICT_PROTOTYPES = YES;
				CLANG_WARN_SUSPICIOUS_MOVE = YES;
				CLANG_WARN_UNGUARDED_AVAILABILITY = YES_AGGRESSIVE;
				CLANG_WARN_UNREACHABLE_CODE = YES;
				CLANG_WARN__DUPLICATE_METHOD_MATCH = YES;
				COPY_PHASE_STRIP = NO;
				DEBUG_INFORMATION_FORMAT = dwarf;
				ENABLE_STRICT_OBJC_MSGSEND = YES;
				ENABLE_TESTABILITY = YES;
				GCC_C_LANGUAGE_STANDARD = gnu11;
				GCC_DYNAMIC_NO_PIC = NO;
				GCC_NO_COMMON_BLOCKS = YES;
				GCC_OPTIMIZATION_LEVEL = 0;
				GCC_PREPROCESSOR_DEFINITIONS = (
					"DEBUG=1",
					"$(inherited)",
				);
				GCC_WARN_64_TO_32_BIT_CONVERSION = YES;
				GCC_WARN_ABOUT_RETURN_TYPE = YES_ERROR;
				GCC_WARN_UNDECLARED_SELECTOR = YES;
				GCC_WARN_UNINITIALIZED_AUTOS = YES_AGGRESSIVE;
				GCC_WARN_UNUSED_FUNCTION = YES;
				GCC_WARN_UNUSED_VARIABLE = YES;
				IPHONEOS_DEPLOYMENT_TARGET = 16.4;
				MTL_ENABLE_DEBUG_INFO = INCLUDE_SOURCE;
				MTL_FAST_MATH = YES;
				ONLY_ACTIVE_ARCH = YES;
				SDKROOT = iphoneos;
				SWIFT_ACTIVE_COMPILATION_CONDITIONS = DEBUG;
				SWIFT_OPTIMIZATION_LEVEL = "-Onone";
			};
			name = Debug;
		};
		96327E492A0948C9004D3C65 /* Release */ = {
			isa = XCBuildConfiguration;
			buildSettings = {
				ALWAYS_SEARCH_USER_PATHS = NO;
				CLANG_ANALYZER_NONNULL = YES;
				CLANG_ANALYZER_NUMBER_OBJECT_CONVERSION = YES_AGGRESSIVE;
				CLANG_CXX_LANGUAGE_STANDARD = "gnu++20";
				CLANG_ENABLE_MODULES = YES;
				CLANG_ENABLE_OBJC_ARC = YES;
				CLANG_ENABLE_OBJC_WEAK = YES;
				CLANG_WARN_BLOCK_CAPTURE_AUTORELEASING = YES;
				CLANG_WARN_BOOL_CONVERSION = YES;
				CLANG_WARN_COMMA = YES;
				CLANG_WARN_CONSTANT_CONVERSION = YES;
				CLANG_WARN_DEPRECATED_OBJC_IMPLEMENTATIONS = YES;
				CLANG_WARN_DIRECT_OBJC_ISA_USAGE = YES_ERROR;
				CLANG_WARN_DOCUMENTATION_COMMENTS = YES;
				CLANG_WARN_EMPTY_BODY = YES;
				CLANG_WARN_ENUM_CONVERSION = YES;
				CLANG_WARN_INFINITE_RECURSION = YES;
				CLANG_WARN_INT_CONVERSION = YES;
				CLANG_WARN_NON_LITERAL_NULL_CONVERSION = YES;
				CLANG_WARN_OBJC_IMPLICIT_RETAIN_SELF = YES;
				CLANG_WARN_OBJC_LITERAL_CONVERSION = YES;
				CLANG_WARN_OBJC_ROOT_CLASS = YES_ERROR;
				CLANG_WARN_QUOTED_INCLUDE_IN_FRAMEWORK_HEADER = YES;
				CLANG_WARN_RANGE_LOOP_ANALYSIS = YES;
				CLANG_WARN_STRICT_PROTOTYPES = YES;
				CLANG_WARN_SUSPICIOUS_MOVE = YES;
				CLANG_WARN_UNGUARDED_AVAILABILITY = YES_AGGRESSIVE;
				CLANG_WARN_UNREACHABLE_CODE = YES;
				CLANG_WARN__DUPLICATE_METHOD_MATCH = YES;
				COPY_PHASE_STRIP = NO;
				DEBUG_INFORMATION_FORMAT = "dwarf-with-dsym";
				ENABLE_NS_ASSERTIONS = NO;
				ENABLE_STRICT_OBJC_MSGSEND = YES;
				GCC_C_LANGUAGE_STANDARD = gnu11;
				GCC_NO_COMMON_BLOCKS = YES;
				GCC_WARN_64_TO_32_BIT_CONVERSION = YES;
				GCC_WARN_ABOUT_RETURN_TYPE = YES_ERROR;
				GCC_WARN_UNDECLARED_SELECTOR = YES;
				GCC_WARN_UNINITIALIZED_AUTOS = YES_AGGRESSIVE;
				GCC_WARN_UNUSED_FUNCTION = YES;
				GCC_WARN_UNUSED_VARIABLE = YES;
				IPHONEOS_DEPLOYMENT_TARGET = 16.4;
				MTL_ENABLE_DEBUG_INFO = NO;
				MTL_FAST_MATH = YES;
				SDKROOT = iphoneos;
				SWIFT_COMPILATION_MODE = wholemodule;
				SWIFT_OPTIMIZATION_LEVEL = "-O";
				VALIDATE_PRODUCT = YES;
			};
			name = Release;
		};
		96327E4B2A0948C9004D3C65 /* Debug */ = {
			isa = XCBuildConfiguration;
			buildSettings = {
				ASSETCATALOG_COMPILER_APPICON_NAME = AppIcon;
				ASSETCATALOG_COMPILER_GLOBAL_ACCENT_COLOR_NAME = AccentColor;
				CODE_SIGN_STYLE = Automatic;
				CURRENT_PROJECT_VERSION = 1;
				DEVELOPMENT_ASSET_PATHS = "\"Berhenti Di?/Preview Content\"";
				DEVELOPMENT_TEAM = G85YYYKRLS;
				ENABLE_PREVIEWS = YES;
				GENERATE_INFOPLIST_FILE = YES;
				INFOPLIST_KEY_UIApplicationSceneManifest_Generation = YES;
				INFOPLIST_KEY_UIApplicationSupportsIndirectInputEvents = YES;
				INFOPLIST_KEY_UILaunchScreen_Generation = YES;
				INFOPLIST_KEY_UISupportedInterfaceOrientations_iPad = "UIInterfaceOrientationPortrait UIInterfaceOrientationPortraitUpsideDown UIInterfaceOrientationLandscapeLeft UIInterfaceOrientationLandscapeRight";
				INFOPLIST_KEY_UISupportedInterfaceOrientations_iPhone = "UIInterfaceOrientationPortrait UIInterfaceOrientationLandscapeLeft UIInterfaceOrientationLandscapeRight";
				LD_RUNPATH_SEARCH_PATHS = (
					"$(inherited)",
					"@executable_path/Frameworks",
				);
				MARKETING_VERSION = 1.0;
				PRODUCT_BUNDLE_IDENTIFIER = "GoDataID.Berhenti-Di-";
				PRODUCT_NAME = "$(TARGET_NAME)";
				SWIFT_EMIT_LOC_STRINGS = YES;
				SWIFT_VERSION = 5.0;
				TARGETED_DEVICE_FAMILY = "1,2";
			};
			name = Debug;
		};
		96327E4C2A0948C9004D3C65 /* Release */ = {
			isa = XCBuildConfiguration;
			buildSettings = {
				ASSETCATALOG_COMPILER_APPICON_NAME = AppIcon;
				ASSETCATALOG_COMPILER_GLOBAL_ACCENT_COLOR_NAME = AccentColor;
				CODE_SIGN_STYLE = Automatic;
				CURRENT_PROJECT_VERSION = 1;
				DEVELOPMENT_ASSET_PATHS = "\"Berhenti Di?/Preview Content\"";
				DEVELOPMENT_TEAM = G85YYYKRLS;
				ENABLE_PREVIEWS = YES;
				GENERATE_INFOPLIST_FILE = YES;
				INFOPLIST_KEY_UIApplicationSceneManifest_Generation = YES;
				INFOPLIST_KEY_UIApplicationSupportsIndirectInputEvents = YES;
				INFOPLIST_KEY_UILaunchScreen_Generation = YES;
				INFOPLIST_KEY_UISupportedInterfaceOrientations_iPad = "UIInterfaceOrientationPortrait UIInterfaceOrientationPortraitUpsideDown UIInterfaceOrientationLandscapeLeft UIInterfaceOrientationLandscapeRight";
				INFOPLIST_KEY_UISupportedInterfaceOrientations_iPhone = "UIInterfaceOrientationPortrait UIInterfaceOrientationLandscapeLeft UIInterfaceOrientationLandscapeRight";
				LD_RUNPATH_SEARCH_PATHS = (
					"$(inherited)",
					"@executable_path/Frameworks",
				);
				MARKETING_VERSION = 1.0;
				PRODUCT_BUNDLE_IDENTIFIER = "GoDataID.Berhenti-Di-";
				PRODUCT_NAME = "$(TARGET_NAME)";
				SWIFT_EMIT_LOC_STRINGS = YES;
				SWIFT_VERSION = 5.0;
				TARGETED_DEVICE_FAMILY = "1,2";
			};
			name = Release;
		};
		96327E4E2A0948C9004D3C65 /* Debug */ = {
			isa = XCBuildConfiguration;
			buildSettings = {
				ALWAYS_EMBED_SWIFT_STANDARD_LIBRARIES = YES;
				BUNDLE_LOADER = "$(TEST_HOST)";
				CODE_SIGN_STYLE = Automatic;
				CURRENT_PROJECT_VERSION = 1;
				DEVELOPMENT_TEAM = G85YYYKRLS;
				GENERATE_INFOPLIST_FILE = YES;
				IPHONEOS_DEPLOYMENT_TARGET = 16.4;
				MARKETING_VERSION = 1.0;
				PRODUCT_BUNDLE_IDENTIFIER = "GoDataID.Berhenti-Di-Tests";
				PRODUCT_NAME = "$(TARGET_NAME)";
				SWIFT_EMIT_LOC_STRINGS = NO;
				SWIFT_VERSION = 5.0;
				TARGETED_DEVICE_FAMILY = "1,2";
				TEST_HOST = "$(BUILT_PRODUCTS_DIR)/Berhenti Di?.app/$(BUNDLE_EXECUTABLE_FOLDER_PATH)/Berhenti Di?";
			};
			name = Debug;
		};
		96327E4F2A0948C9004D3C65 /* Release */ = {
			isa = XCBuildConfiguration;
			buildSettings = {
				ALWAYS_EMBED_SWIFT_STANDARD_LIBRARIES = YES;
				BUNDLE_LOADER = "$(TEST_HOST)";
				CODE_SIGN_STYLE = Automatic;
				CURRENT_PROJECT_VERSION = 1;
				DEVELOPMENT_TEAM = G85YYYKRLS;
				GENERATE_INFOPLIST_FILE = YES;
				IPHONEOS_DEPLOYMENT_TARGET = 16.4;
				MARKETING_VERSION = 1.0;
				PRODUCT_BUNDLE_IDENTIFIER = "GoDataID.Berhenti-Di-Tests";
				PRODUCT_NAME = "$(TARGET_NAME)";
				SWIFT_EMIT_LOC_STRINGS = NO;
				SWIFT_VERSION = 5.0;
				TARGETED_DEVICE_FAMILY = "1,2";
				TEST_HOST = "$(BUILT_PRODUCTS_DIR)/Berhenti Di?.app/$(BUNDLE_EXECUTABLE_FOLDER_PATH)/Berhenti Di?";
			};
			name = Release;
		};
		96327E512A0948C9004D3C65 /* Debug */ = {
			isa = XCBuildConfiguration;
			buildSettings = {
				ALWAYS_EMBED_SWIFT_STANDARD_LIBRARIES = YES;
				CODE_SIGN_STYLE = Automatic;
				CURRENT_PROJECT_VERSION = 1;
				DEVELOPMENT_TEAM = G85YYYKRLS;
				GENERATE_INFOPLIST_FILE = YES;
				MARKETING_VERSION = 1.0;
				PRODUCT_BUNDLE_IDENTIFIER = "GoDataID.Berhenti-Di-UITests";
				PRODUCT_NAME = "$(TARGET_NAME)";
				SWIFT_EMIT_LOC_STRINGS = NO;
				SWIFT_VERSION = 5.0;
				TARGETED_DEVICE_FAMILY = "1,2";
				TEST_TARGET_NAME = "Berhenti Di?";
			};
			name = Debug;
		};
		96327E522A0948C9004D3C65 /* Release */ = {
			isa = XCBuildConfiguration;
			buildSettings = {
				ALWAYS_EMBED_SWIFT_STANDARD_LIBRARIES = YES;
				CODE_SIGN_STYLE = Automatic;
				CURRENT_PROJECT_VERSION = 1;
				DEVELOPMENT_TEAM = G85YYYKRLS;
				GENERATE_INFOPLIST_FILE = YES;
				MARKETING_VERSION = 1.0;
				PRODUCT_BUNDLE_IDENTIFIER = "GoDataID.Berhenti-Di-UITests";
				PRODUCT_NAME = "$(TARGET_NAME)";
				SWIFT_EMIT_LOC_STRINGS = NO;
				SWIFT_VERSION = 5.0;
				TARGETED_DEVICE_FAMILY = "1,2";
				TEST_TARGET_NAME = "Berhenti Di?";
			};
			name = Release;
		};
/* End XCBuildConfiguration section */

/* Begin XCConfigurationList section */
		96327E1B2A0948C7004D3C65 /* Build configuration list for PBXProject "Berhenti Di?" */ = {
			isa = XCConfigurationList;
			buildConfigurations = (
				96327E482A0948C9004D3C65 /* Debug */,
				96327E492A0948C9004D3C65 /* Release */,
			);
			defaultConfigurationIsVisible = 0;
			defaultConfigurationName = Release;
		};
		96327E4A2A0948C9004D3C65 /* Build configuration list for PBXNativeTarget "Berhenti Di?" */ = {
			isa = XCConfigurationList;
			buildConfigurations = (
				96327E4B2A0948C9004D3C65 /* Debug */,
				96327E4C2A0948C9004D3C65 /* Release */,
			);
			defaultConfigurationIsVisible = 0;
			defaultConfigurationName = Release;
		};
		96327E4D2A0948C9004D3C65 /* Build configuration list for PBXNativeTarget "Berhenti Di?Tests" */ = {
			isa = XCConfigurationList;
			buildConfigurations = (
				96327E4E2A0948C9004D3C65 /* Debug */,
				96327E4F2A0948C9004D3C65 /* Release */,
			);
			defaultConfigurationIsVisible = 0;
			defaultConfigurationName = Release;
		};
		96327E502A0948C9004D3C65 /* Build configuration list for PBXNativeTarget "Berhenti Di?UITests" */ = {
			isa = XCConfigurationList;
			buildConfigurations = (
				96327E512A0948C9004D3C65 /* Debug */,
				96327E522A0948C9004D3C65 /* Release */,
			);
			defaultConfigurationIsVisible = 0;
			defaultConfigurationName = Release;
		};
/* End XCConfigurationList section */

/* Begin XCVersionGroup section */
		96327E2E2A0948C9004D3C65 /* Berhenti_Di_.xcdatamodeld */ = {
			isa = XCVersionGroup;
			children = (
				96327E2F2A0948C9004D3C65 /* Berhenti_Di_.xcdatamodel */,
			);
			currentVersion = 96327E2F2A0948C9004D3C65 /* Berhenti_Di_.xcdatamodel */;
			path = Berhenti_Di_.xcdatamodeld;
			sourceTree = "<group>";
			versionGroupType = wrapper.xcdatamodel;
		};
/* End XCVersionGroup section */
	};
	rootObject = 96327E182A0948C7004D3C65 /* Project object */;
}
